# THIS IS AN AUTOGENERATED FILE. DO NOT EDIT THIS FILE DIRECTLY.
# yarn lockfile v1


"@ethersproject/abi@5.0.10":
  version "5.0.10"
  resolved "https://registry.yarnpkg.com/@ethersproject/abi/-/abi-5.0.10.tgz#c32baa919ad0e5cddabb2f3a8aed0eaeeed7fa4a"
  integrity sha512-cfC3lGgotfxX3SMri4+CisOPwignoj/QGHW9J29spC4R4Qqcnk/SYuVkPFBMdLbvBp3f/pGiVqPNwont0TSXhg==
  dependencies:
    "@ethersproject/address" "^5.0.9"
    "@ethersproject/bignumber" "^5.0.13"
    "@ethersproject/bytes" "^5.0.9"
    "@ethersproject/constants" "^5.0.8"
    "@ethersproject/hash" "^5.0.10"
    "@ethersproject/keccak256" "^5.0.7"
    "@ethersproject/logger" "^5.0.8"
    "@ethersproject/properties" "^5.0.7"
    "@ethersproject/strings" "^5.0.8"

"@ethersproject/abi@^5.0.10":
  version "5.0.12"
  resolved "https://registry.yarnpkg.com/@ethersproject/abi/-/abi-5.0.12.tgz#9aebe6aedc05ce45bb6c41b06d80bd195b7de77c"
  integrity sha512-Ujr/3bwyYYjXLDQfebeiiTuvOw9XtUKM8av6YkoBeMXyGQM9GkjrQlwJMNwGTmqjATH/ZNbRgCh98GjOLiIB1Q==
  dependencies:
    "@ethersproject/address" "^5.0.9"
    "@ethersproject/bignumber" "^5.0.13"
    "@ethersproject/bytes" "^5.0.9"
    "@ethersproject/constants" "^5.0.8"
    "@ethersproject/hash" "^5.0.10"
    "@ethersproject/keccak256" "^5.0.7"
    "@ethersproject/logger" "^5.0.8"
    "@ethersproject/properties" "^5.0.7"
    "@ethersproject/strings" "^5.0.8"

"@ethersproject/abstract-provider@5.0.8":
  version "5.0.8"
  resolved "https://registry.yarnpkg.com/@ethersproject/abstract-provider/-/abstract-provider-5.0.8.tgz#880793c29bfed33dff4c2b2be7ecb9ba966d52c0"
  integrity sha512-fqJXkewcGdi8LogKMgRyzc/Ls2js07yor7+g9KfPs09uPOcQLg7cc34JN+lk34HH9gg2HU0DIA5797ZR8znkfw==
  dependencies:
    "@ethersproject/bignumber" "^5.0.13"
    "@ethersproject/bytes" "^5.0.9"
    "@ethersproject/logger" "^5.0.8"
    "@ethersproject/networks" "^5.0.7"
    "@ethersproject/properties" "^5.0.7"
    "@ethersproject/transactions" "^5.0.9"
    "@ethersproject/web" "^5.0.12"

"@ethersproject/abstract-provider@^5.0.8":
  version "5.0.9"
  resolved "https://registry.yarnpkg.com/@ethersproject/abstract-provider/-/abstract-provider-5.0.9.tgz#a55410b73e3994842884eb82b1f43e3a9f653eea"
  integrity sha512-X9fMkqpeu9ayC3JyBkeeZhn35P4xQkpGX/l+FrxDtEW9tybf/UWXSMi8bGThpPtfJ6q6U2LDetXSpSwK4TfYQQ==
  dependencies:
    "@ethersproject/bignumber" "^5.0.13"
    "@ethersproject/bytes" "^5.0.9"
    "@ethersproject/logger" "^5.0.8"
    "@ethersproject/networks" "^5.0.7"
    "@ethersproject/properties" "^5.0.7"
    "@ethersproject/transactions" "^5.0.9"
    "@ethersproject/web" "^5.0.12"

"@ethersproject/abstract-signer@5.0.11":
  version "5.0.11"
  resolved "https://registry.yarnpkg.com/@ethersproject/abstract-signer/-/abstract-signer-5.0.11.tgz#675da9ec168905c60ee79a6da95f7157ca956f46"
  integrity sha512-RKOgPSEYafknA62SrD3OCK42AllHE4YBfKYXyQeM+sBP7Nq3X5FpzeoY4uzC43P4wIhmNoTHCKQuwnX7fBqb6Q==
  dependencies:
    "@ethersproject/abstract-provider" "^5.0.8"
    "@ethersproject/bignumber" "^5.0.13"
    "@ethersproject/bytes" "^5.0.9"
    "@ethersproject/logger" "^5.0.8"
    "@ethersproject/properties" "^5.0.7"

"@ethersproject/abstract-signer@^5.0.10":
  version "5.0.13"
  resolved "https://registry.yarnpkg.com/@ethersproject/abstract-signer/-/abstract-signer-5.0.13.tgz#59b4d0367d6327ec53bc269c6730c44a4a3b043c"
  integrity sha512-VBIZEI5OK0TURoCYyw0t3w+TEO4kdwnI9wvt4kqUwyxSn3YCRpXYVl0Xoe7XBR/e5+nYOi2MyFGJ3tsFwONecQ==
  dependencies:
    "@ethersproject/abstract-provider" "^5.0.8"
    "@ethersproject/bignumber" "^5.0.13"
    "@ethersproject/bytes" "^5.0.9"
    "@ethersproject/logger" "^5.0.8"
    "@ethersproject/properties" "^5.0.7"

"@ethersproject/address@5.0.9":
  version "5.0.9"
  resolved "https://registry.yarnpkg.com/@ethersproject/address/-/address-5.0.9.tgz#347ef30dc8243c682574a3f23ff63f73c8f8cbf1"
  integrity sha512-gKkmbZDMyGbVjr8nA5P0md1GgESqSGH7ILIrDidPdNXBl4adqbuA3OAuZx/O2oGpL6PtJ9BDa0kHheZ1ToHU3w==
  dependencies:
    "@ethersproject/bignumber" "^5.0.13"
    "@ethersproject/bytes" "^5.0.9"
    "@ethersproject/keccak256" "^5.0.7"
    "@ethersproject/logger" "^5.0.8"
    "@ethersproject/rlp" "^5.0.7"

"@ethersproject/address@^5.0.9":
  version "5.0.10"
  resolved "https://registry.yarnpkg.com/@ethersproject/address/-/address-5.0.10.tgz#2bc69fdff4408e0570471cd19dee577ab06a10d0"
  integrity sha512-70vqESmW5Srua1kMDIN6uVfdneZMaMyRYH4qPvkAXGkbicrCOsA9m01vIloA4wYiiF+HLEfL1ENKdn5jb9xiAw==
  dependencies:
    "@ethersproject/bignumber" "^5.0.13"
    "@ethersproject/bytes" "^5.0.9"
    "@ethersproject/keccak256" "^5.0.7"
    "@ethersproject/logger" "^5.0.8"
    "@ethersproject/rlp" "^5.0.7"

"@ethersproject/base64@5.0.7":
  version "5.0.7"
  resolved "https://registry.yarnpkg.com/@ethersproject/base64/-/base64-5.0.7.tgz#d5da73699b4a33dc92bd8e5056ad1880b262057d"
  integrity sha512-S5oh5DVfCo06xwJXT8fQC68mvJfgScTl2AXvbYMsHNfIBTDb084Wx4iA9MNlEReOv6HulkS+gyrUM/j3514rSw==
  dependencies:
    "@ethersproject/bytes" "^5.0.9"

"@ethersproject/base64@^5.0.7":
  version "5.0.8"
  resolved "https://registry.yarnpkg.com/@ethersproject/base64/-/base64-5.0.8.tgz#1bc4b4b8c59c1debf972c7164b96c0b8964a20a1"
  integrity sha512-PNbpHOMgZpZ1skvQl119pV2YkCPXmZTxw+T92qX0z7zaMFPypXWTZBzim+hUceb//zx4DFjeGT4aSjZRTOYThg==
  dependencies:
    "@ethersproject/bytes" "^5.0.9"

"@ethersproject/basex@5.0.7":
  version "5.0.7"
  resolved "https://registry.yarnpkg.com/@ethersproject/basex/-/basex-5.0.7.tgz#2f7026b12c9dee6cdc7b7bf1805461836e635495"
  integrity sha512-OsXnRsujGmYD9LYyJlX+cVe5KfwgLUbUJrJMWdzRWogrygXd5HvGd7ygX1AYjlu1z8W/+t2FoQnczDR/H2iBjA==
  dependencies:
    "@ethersproject/bytes" "^5.0.9"
    "@ethersproject/properties" "^5.0.7"

"@ethersproject/basex@^5.0.7":
  version "5.0.8"
  resolved "https://registry.yarnpkg.com/@ethersproject/basex/-/basex-5.0.8.tgz#6867fad20047aa29fbd4b880f27894ed04cc7bb8"
  integrity sha512-PCVKZIShBQUqAXjJSvaCidThPvL0jaaQZcewJc0sf8Xx05BizaOS8r3jdPdpNdY+/qZtRDqwHTSKjvR/xssyLQ==
  dependencies:
    "@ethersproject/bytes" "^5.0.9"
    "@ethersproject/properties" "^5.0.7"

"@ethersproject/bignumber@5.0.13":
  version "5.0.13"
  resolved "https://registry.yarnpkg.com/@ethersproject/bignumber/-/bignumber-5.0.13.tgz#a5466412b3b80104097b9c694f6ae827df4353fe"
  integrity sha512-b89bX5li6aK492yuPP5mPgRVgIxxBP7ksaBtKX5QQBsrZTpNOjf/MR4CjcUrAw8g+RQuD6kap9lPjFgY4U1/5A==
  dependencies:
    "@ethersproject/bytes" "^5.0.9"
    "@ethersproject/logger" "^5.0.8"
    bn.js "^4.4.0"

"@ethersproject/bignumber@^5.0.13":
  version "5.0.14"
  resolved "https://registry.yarnpkg.com/@ethersproject/bignumber/-/bignumber-5.0.14.tgz#605bc61dcbd4a8c6df8b5a7a77c0210273f3de8a"
  integrity sha512-Q4TjMq9Gg3Xzj0aeJWqJgI3tdEiPiET7Y5OtNtjTAODZ2kp4y9jMNg97zVcvPedFvGROdpGDyCI77JDFodUzOw==
  dependencies:
    "@ethersproject/bytes" "^5.0.9"
    "@ethersproject/logger" "^5.0.8"
    bn.js "^4.4.0"

"@ethersproject/bytes@5.0.9":
  version "5.0.9"
  resolved "https://registry.yarnpkg.com/@ethersproject/bytes/-/bytes-5.0.9.tgz#2748247402ad20df69f3a3e935dc7b58c0d75c08"
  integrity sha512-k+17ZViDtAugC0s7HM6rdsTWEdIYII4RPCDkPEuxKc6i40Bs+m6tjRAtCECX06wKZnrEoR9pjOJRXHJ/VLoOcA==
  dependencies:
    "@ethersproject/logger" "^5.0.8"

"@ethersproject/bytes@^5.0.9":
  version "5.0.10"
  resolved "https://registry.yarnpkg.com/@ethersproject/bytes/-/bytes-5.0.10.tgz#aa49afe7491ba24ff76fa33d98677351263f9ba4"
  integrity sha512-vpu0v1LZ1j1s9kERQIMnVU69MyHEzUff7nqK9XuCU4vx+AM8n9lU2gj7jtJIvGSt9HzatK/6I6bWusI5nyuaTA==
  dependencies:
    "@ethersproject/logger" "^5.0.8"

"@ethersproject/constants@5.0.8":
  version "5.0.8"
  resolved "https://registry.yarnpkg.com/@ethersproject/constants/-/constants-5.0.8.tgz#50f2e23f48c0d1d0de3759ea79b68ec3e06435a1"
  integrity sha512-sCc73pFBsl59eDfoQR5OCEZCRv5b0iywadunti6MQIr5lt3XpwxK1Iuzd8XSFO02N9jUifvuZRrt0cY0+NBgTg==
  dependencies:
    "@ethersproject/bignumber" "^5.0.13"

"@ethersproject/constants@^5.0.8":
  version "5.0.9"
  resolved "https://registry.yarnpkg.com/@ethersproject/constants/-/constants-5.0.9.tgz#81ac44c3bf612de63eb1c490b314ea1b932cda9f"
  integrity sha512-2uAKH89UcaJP/Sc+54u92BtJtZ4cPgcS1p0YbB1L3tlkavwNvth+kNCUplIB1Becqs7BOZr0B/3dMNjhJDy4Dg==
  dependencies:
    "@ethersproject/bignumber" "^5.0.13"

"@ethersproject/contracts@5.0.9":
  version "5.0.9"
  resolved "https://registry.yarnpkg.com/@ethersproject/contracts/-/contracts-5.0.9.tgz#6c67c0ebe20ee1af903f7f43568401023334a181"
  integrity sha512-CCTxVeDh6sjdSEbjzONhtwPjECvaHE62oGkY8M7kP0CHmgLD2SEGel0HZib8e5oQKRKGly9AKcUFW4g3rQ0AQw==
  dependencies:
    "@ethersproject/abi" "^5.0.10"
    "@ethersproject/abstract-provider" "^5.0.8"
    "@ethersproject/abstract-signer" "^5.0.10"
    "@ethersproject/address" "^5.0.9"
    "@ethersproject/bignumber" "^5.0.13"
    "@ethersproject/bytes" "^5.0.9"
    "@ethersproject/constants" "^5.0.8"
    "@ethersproject/logger" "^5.0.8"
    "@ethersproject/properties" "^5.0.7"

"@ethersproject/hash@5.0.10":
  version "5.0.10"
  resolved "https://registry.yarnpkg.com/@ethersproject/hash/-/hash-5.0.10.tgz#41bf37428e8ddbc229ffd81c47af667174cb491a"
  integrity sha512-Tf0bvs6YFhw28LuHnhlDWyr0xfcDxSXdwM4TcskeBbmXVSKLv3bJQEEEBFUcRX0fJuslR3gCVySEaSh7vuMx5w==
  dependencies:
    "@ethersproject/abstract-signer" "^5.0.10"
    "@ethersproject/address" "^5.0.9"
    "@ethersproject/bignumber" "^5.0.13"
    "@ethersproject/bytes" "^5.0.9"
    "@ethersproject/keccak256" "^5.0.7"
    "@ethersproject/logger" "^5.0.8"
    "@ethersproject/properties" "^5.0.7"
    "@ethersproject/strings" "^5.0.8"

"@ethersproject/hash@^5.0.10":
  version "5.0.11"
  resolved "https://registry.yarnpkg.com/@ethersproject/hash/-/hash-5.0.11.tgz#da89517438bbbf8a39df56fff09f0a71669ae7a7"
  integrity sha512-H3KJ9fk33XWJ2djAW03IL7fg3DsDMYjO1XijiUb1hJ85vYfhvxu0OmsU7d3tg2Uv1H1kFSo8ghr3WFQ8c+NL3g==
  dependencies:
    "@ethersproject/abstract-signer" "^5.0.10"
    "@ethersproject/address" "^5.0.9"
    "@ethersproject/bignumber" "^5.0.13"
    "@ethersproject/bytes" "^5.0.9"
    "@ethersproject/keccak256" "^5.0.7"
    "@ethersproject/logger" "^5.0.8"
    "@ethersproject/properties" "^5.0.7"
    "@ethersproject/strings" "^5.0.8"

"@ethersproject/hdnode@5.0.8":
  version "5.0.8"
  resolved "https://registry.yarnpkg.com/@ethersproject/hdnode/-/hdnode-5.0.8.tgz#2b52ede921cfbce8de49da774ec5a74025fc2bb1"
  integrity sha512-Mscpjd7BBjxYSWghaNMwV0xrBBkOoCq6YEPRm9MgE24CiBlzzbfEB5DGq6hiZqhQaxPkdCUtKKqZi3nt9hx43g==
  dependencies:
    "@ethersproject/abstract-signer" "^5.0.10"
    "@ethersproject/basex" "^5.0.7"
    "@ethersproject/bignumber" "^5.0.13"
    "@ethersproject/bytes" "^5.0.9"
    "@ethersproject/logger" "^5.0.8"
    "@ethersproject/pbkdf2" "^5.0.7"
    "@ethersproject/properties" "^5.0.7"
    "@ethersproject/sha2" "^5.0.7"
    "@ethersproject/signing-key" "^5.0.8"
    "@ethersproject/strings" "^5.0.8"
    "@ethersproject/transactions" "^5.0.9"
    "@ethersproject/wordlists" "^5.0.8"

"@ethersproject/hdnode@^5.0.8":
  version "5.0.9"
  resolved "https://registry.yarnpkg.com/@ethersproject/hdnode/-/hdnode-5.0.9.tgz#ce65b430d3d3f0cd3c8f9dfaaf376b55881d9dba"
  integrity sha512-S5UMmIC6XfFtqhUK4uTjD8GPNzSbE+sZ/0VMqFnA3zAJ+cEFZuEyhZDYnl2ItGJzjT4jsy+uEy1SIl3baYK1PQ==
  dependencies:
    "@ethersproject/abstract-signer" "^5.0.10"
    "@ethersproject/basex" "^5.0.7"
    "@ethersproject/bignumber" "^5.0.13"
    "@ethersproject/bytes" "^5.0.9"
    "@ethersproject/logger" "^5.0.8"
    "@ethersproject/pbkdf2" "^5.0.7"
    "@ethersproject/properties" "^5.0.7"
    "@ethersproject/sha2" "^5.0.7"
    "@ethersproject/signing-key" "^5.0.8"
    "@ethersproject/strings" "^5.0.8"
    "@ethersproject/transactions" "^5.0.9"
    "@ethersproject/wordlists" "^5.0.8"

"@ethersproject/json-wallets@5.0.10":
  version "5.0.10"
  resolved "https://registry.yarnpkg.com/@ethersproject/json-wallets/-/json-wallets-5.0.10.tgz#cdc9c27cb486762a3313e25f6f2fef0eb890dbaf"
  integrity sha512-Ux36u+d7Dm0M5AQ+mWuHdvfGPMN8K1aaLQgwzrsD4ELTWlwRuHuQbmn7/GqeOpbfaV6POLwdYcBk2TXjlGp/IQ==
  dependencies:
    "@ethersproject/abstract-signer" "^5.0.10"
    "@ethersproject/address" "^5.0.9"
    "@ethersproject/bytes" "^5.0.9"
    "@ethersproject/hdnode" "^5.0.8"
    "@ethersproject/keccak256" "^5.0.7"
    "@ethersproject/logger" "^5.0.8"
    "@ethersproject/pbkdf2" "^5.0.7"
    "@ethersproject/properties" "^5.0.7"
    "@ethersproject/random" "^5.0.7"
    "@ethersproject/strings" "^5.0.8"
    "@ethersproject/transactions" "^5.0.9"
    aes-js "3.0.0"
    scrypt-js "3.0.1"

"@ethersproject/json-wallets@^5.0.10":
  version "5.0.11"
  resolved "https://registry.yarnpkg.com/@ethersproject/json-wallets/-/json-wallets-5.0.11.tgz#86fdc41b7762acb443d6a896f6c61231ab2aee5d"
  integrity sha512-0GhWScWUlXXb4qJNp0wmkU95QS3YdN9UMOfMSEl76CRANWWrmyzxcBVSXSBu5iQ0/W8wO+xGlJJ3tpA6v3mbIw==
  dependencies:
    "@ethersproject/abstract-signer" "^5.0.10"
    "@ethersproject/address" "^5.0.9"
    "@ethersproject/bytes" "^5.0.9"
    "@ethersproject/hdnode" "^5.0.8"
    "@ethersproject/keccak256" "^5.0.7"
    "@ethersproject/logger" "^5.0.8"
    "@ethersproject/pbkdf2" "^5.0.7"
    "@ethersproject/properties" "^5.0.7"
    "@ethersproject/random" "^5.0.7"
    "@ethersproject/strings" "^5.0.8"
    "@ethersproject/transactions" "^5.0.9"
    aes-js "3.0.0"
    scrypt-js "3.0.1"

"@ethersproject/keccak256@5.0.7":
  version "5.0.7"
  resolved "https://registry.yarnpkg.com/@ethersproject/keccak256/-/keccak256-5.0.7.tgz#2eedb5e4c160fcdf0079660f8ae362d7855ea943"
  integrity sha512-zpUBmofWvx9PGfc7IICobgFQSgNmTOGTGLUxSYqZzY/T+b4y/2o5eqf/GGmD7qnTGzKQ42YlLNo+LeDP2qe55g==
  dependencies:
    "@ethersproject/bytes" "^5.0.9"
    js-sha3 "0.5.7"

"@ethersproject/keccak256@^5.0.7":
  version "5.0.8"
  resolved "https://registry.yarnpkg.com/@ethersproject/keccak256/-/keccak256-5.0.8.tgz#13aaf69e1c8bd15fc59a2ebd055c0878f2a059c8"
  integrity sha512-zoGbwXcWWs9MX4NOAZ7N0hhgIRl4Q/IO/u9c/RHRY4WqDy3Ywm0OLamEV53QDwhjwn3YiiVwU1Ve5j7yJ0a/KQ==
  dependencies:
    "@ethersproject/bytes" "^5.0.9"
    js-sha3 "0.5.7"

"@ethersproject/logger@5.0.8":
  version "5.0.8"
  resolved "https://registry.yarnpkg.com/@ethersproject/logger/-/logger-5.0.8.tgz#135c1903d35c878265f3cbf2b287042c4c20d5d4"
  integrity sha512-SkJCTaVTnaZ3/ieLF5pVftxGEFX56pTH+f2Slrpv7cU0TNpUZNib84QQdukd++sWUp/S7j5t5NW+WegbXd4U/A==

"@ethersproject/logger@^5.0.8":
  version "5.0.9"
  resolved "https://registry.yarnpkg.com/@ethersproject/logger/-/logger-5.0.9.tgz#0e6a0b3ecc938713016954daf4ac7967467aa763"
  integrity sha512-kV3Uamv3XOH99Xf3kpIG3ZkS7mBNYcLDM00JSDtNgNB4BihuyxpQzIZPRIDmRi+95Z/R1Bb0X2kUNHa/kJoVrw==

"@ethersproject/networks@5.0.7":
  version "5.0.7"
  resolved "https://registry.yarnpkg.com/@ethersproject/networks/-/networks-5.0.7.tgz#8d06e41197b27c2404d89a29ca21f741a01acbfc"
  integrity sha512-dI14QATndIcUgcCBL1c5vUr/YsI5cCHLN81rF7PU+yS7Xgp2/Rzbr9+YqpC6NBXHFUASjh6GpKqsVMpufAL0BQ==
  dependencies:
    "@ethersproject/logger" "^5.0.8"

"@ethersproject/networks@^5.0.7":
  version "5.0.8"
  resolved "https://registry.yarnpkg.com/@ethersproject/networks/-/networks-5.0.8.tgz#37e6f8c058f2d540373ea5939056cd3de069132e"
  integrity sha512-PYpptlO2Tu5f/JEBI5hdlMds5k1DY1QwVbh3LKPb3un9dQA2bC51vd2/gRWAgSBpF3kkmZOj4FhD7ATLX4H+DA==
  dependencies:
    "@ethersproject/logger" "^5.0.8"

"@ethersproject/pbkdf2@5.0.7":
  version "5.0.7"
  resolved "https://registry.yarnpkg.com/@ethersproject/pbkdf2/-/pbkdf2-5.0.7.tgz#a36fdb7327760ec0096857053e01c923a63417da"
  integrity sha512-0SNLNixPMqnosH6pyc4yPiUu/C9/Jbu+f6I8GJW9U2qNpMBddmRJviwseoha5Zw1V+Aw0Z/yvYyzIIE8yPXqLA==
  dependencies:
    "@ethersproject/bytes" "^5.0.9"
    "@ethersproject/sha2" "^5.0.7"

"@ethersproject/pbkdf2@^5.0.7":
  version "5.0.8"
  resolved "https://registry.yarnpkg.com/@ethersproject/pbkdf2/-/pbkdf2-5.0.8.tgz#06a086b1ac04c75e6846afd6cf6170a49a634411"
  integrity sha512-UlmAMGbIPaS2xXsI38FbePVTfJMuU9jnwcqVn3p88HxPF4kD897ha+l3TNsBqJqf32UbQL5GImnf1oJkSKq4vQ==
  dependencies:
    "@ethersproject/bytes" "^5.0.9"
    "@ethersproject/sha2" "^5.0.7"

"@ethersproject/properties@5.0.7":
  version "5.0.7"
  resolved "https://registry.yarnpkg.com/@ethersproject/properties/-/properties-5.0.7.tgz#951d11ba592ff90bbe8ec34c5a03a5157e3b3360"
  integrity sha512-812H1Rus2vjw0zbasfDI1GLNPDsoyX1pYqiCgaR1BuyKxUTbwcH1B+214l6VGe1v+F6iEVb7WjIwMjKhb4EUsg==
  dependencies:
    "@ethersproject/logger" "^5.0.8"

"@ethersproject/properties@^5.0.7":
  version "5.0.8"
  resolved "https://registry.yarnpkg.com/@ethersproject/properties/-/properties-5.0.8.tgz#e45d28d25402c73394873dbf058f856c966cae01"
  integrity sha512-zEnLMze2Eu2VDPj/05QwCwMKHh506gpT9PP9KPVd4dDB+5d6AcROUYVLoIIQgBYK7X/Gw0UJmG3oVtnxOQafAw==
  dependencies:
    "@ethersproject/logger" "^5.0.8"

"@ethersproject/providers@5.0.19":
  version "5.0.19"
  resolved "https://registry.yarnpkg.com/@ethersproject/providers/-/providers-5.0.19.tgz#94c8f1a86755ee4187911fc6250e94b1116c089a"
  integrity sha512-G+flo1jK1y/rvQy6b71+Nu7qOlkOKz+XqpgqFMZslkCzGuzQRmk9Qp7Ln4soK8RSyP1e5TCujaRf1H+EZahoaw==
  dependencies:
    "@ethersproject/abstract-provider" "^5.0.8"
    "@ethersproject/abstract-signer" "^5.0.10"
    "@ethersproject/address" "^5.0.9"
    "@ethersproject/basex" "^5.0.7"
    "@ethersproject/bignumber" "^5.0.13"
    "@ethersproject/bytes" "^5.0.9"
    "@ethersproject/constants" "^5.0.8"
    "@ethersproject/hash" "^5.0.10"
    "@ethersproject/logger" "^5.0.8"
    "@ethersproject/networks" "^5.0.7"
    "@ethersproject/properties" "^5.0.7"
    "@ethersproject/random" "^5.0.7"
    "@ethersproject/rlp" "^5.0.7"
    "@ethersproject/sha2" "^5.0.7"
    "@ethersproject/strings" "^5.0.8"
    "@ethersproject/transactions" "^5.0.9"
    "@ethersproject/web" "^5.0.12"
    bech32 "1.1.4"
    ws "7.2.3"

"@ethersproject/random@5.0.7":
  version "5.0.7"
  resolved "https://registry.yarnpkg.com/@ethersproject/random/-/random-5.0.7.tgz#e364268ce68bf6d300c36d654e622fd9d26b3a86"
  integrity sha512-PxSRWwN3s+FH9AWMZU6AcWJsNQ9KzqKV6NgdeKPtxahdDjCuXxTAuzTZNXNRK+qj+Il351UnweAGd+VuZcOAlQ==
  dependencies:
    "@ethersproject/bytes" "^5.0.9"
    "@ethersproject/logger" "^5.0.8"

"@ethersproject/random@^5.0.7":
  version "5.0.8"
  resolved "https://registry.yarnpkg.com/@ethersproject/random/-/random-5.0.8.tgz#8d3726be48e95467abce9b23c93adbb1de009dda"
  integrity sha512-4rHtotmd9NjklW0eDvByicEkL+qareIyFSbG1ShC8tPJJSAC0g55oQWzw+3nfdRCgBHRuEE7S8EcPcTVPvZ9cA==
  dependencies:
    "@ethersproject/bytes" "^5.0.9"
    "@ethersproject/logger" "^5.0.8"

"@ethersproject/rlp@5.0.7":
  version "5.0.7"
  resolved "https://registry.yarnpkg.com/@ethersproject/rlp/-/rlp-5.0.7.tgz#cfa4fa6415960a435b7814e1a29bdfea657e2b6e"
  integrity sha512-ulUTVEuV7PT4jJTPpfhRHK57tkLEDEY9XSYJtrSNHOqdwMvH0z7BM2AKIMq4LVDlnu4YZASdKrkFGEIO712V9w==
  dependencies:
    "@ethersproject/bytes" "^5.0.9"
    "@ethersproject/logger" "^5.0.8"

"@ethersproject/rlp@^5.0.7":
  version "5.0.8"
  resolved "https://registry.yarnpkg.com/@ethersproject/rlp/-/rlp-5.0.8.tgz#ff54e206d0ae28640dd054f2bcc7070f06f9dfbe"
  integrity sha512-E4wdFs8xRNJfzNHmnkC8w5fPeT4Wd1U2cust3YeT16/46iSkLT8nn8ilidC6KhR7hfuSZE4UqSPzyk76p7cdZg==
  dependencies:
    "@ethersproject/bytes" "^5.0.9"
    "@ethersproject/logger" "^5.0.8"

"@ethersproject/sha2@5.0.7":
  version "5.0.7"
  resolved "https://registry.yarnpkg.com/@ethersproject/sha2/-/sha2-5.0.7.tgz#ef9f18770c9f90a6cfd73840b0c3400910219099"
  integrity sha512-MbUqz68hhp5RsaZdqi1eg1rrtiqt5wmhRYqdA7MX8swBkzW2KiLgK+Oh25UcWhUhdi1ImU9qrV6if5j0cC7Bxg==
  dependencies:
    "@ethersproject/bytes" "^5.0.9"
    "@ethersproject/logger" "^5.0.8"
    hash.js "1.1.3"

"@ethersproject/sha2@^5.0.7":
  version "5.0.8"
  resolved "https://registry.yarnpkg.com/@ethersproject/sha2/-/sha2-5.0.8.tgz#9903c67e562739d8b312820b0a265b9c9bf35fc3"
  integrity sha512-ILP1ZgyvDj4rrdE+AXrTv9V88m7x87uga2VZ/FeULKPumOEw/4bGnJz/oQ8zDnDvVYRCJ+48VaQBS2CFLbk1ww==
  dependencies:
    "@ethersproject/bytes" "^5.0.9"
    "@ethersproject/logger" "^5.0.8"
    hash.js "1.1.3"

"@ethersproject/signing-key@5.0.8":
  version "5.0.8"
  resolved "https://registry.yarnpkg.com/@ethersproject/signing-key/-/signing-key-5.0.8.tgz#156522e542916b9aa9135527b40c5b6f9235af02"
  integrity sha512-YKxQM45eDa6WAD+s3QZPdm1uW1MutzVuyoepdRRVmMJ8qkk7iOiIhUkZwqKLNxKzEJijt/82ycuOREc9WBNAKg==
  dependencies:
    "@ethersproject/bytes" "^5.0.9"
    "@ethersproject/logger" "^5.0.8"
    "@ethersproject/properties" "^5.0.7"
    elliptic "6.5.3"

"@ethersproject/signing-key@^5.0.8":
  version "5.0.10"
  resolved "https://registry.yarnpkg.com/@ethersproject/signing-key/-/signing-key-5.0.10.tgz#05e26e04f0aa5360dc78674d7331bacea8fea5c1"
  integrity sha512-w5it3GbFOvN6e0mTd5gDNj+bwSe6L9jqqYjU+uaYS8/hAEp4qYLk5p8ZjbJJkNn7u1p0iwocp8X9oH/OdK8apA==
  dependencies:
    "@ethersproject/bytes" "^5.0.9"
    "@ethersproject/logger" "^5.0.8"
    "@ethersproject/properties" "^5.0.7"
    elliptic "6.5.4"

"@ethersproject/solidity@5.0.8":
  version "5.0.8"
  resolved "https://registry.yarnpkg.com/@ethersproject/solidity/-/solidity-5.0.8.tgz#a260116a794bc97558d89e98f59831ce8d25c733"
  integrity sha512-OJkyBq9KaoGsi8E8mYn6LX+vKyCURvxSp0yuGBcOqEFM3vkn9PsCiXsHdOXdNBvlHG5evJXwAYC2UR0TzgJeKA==
  dependencies:
    "@ethersproject/bignumber" "^5.0.13"
    "@ethersproject/bytes" "^5.0.9"
    "@ethersproject/keccak256" "^5.0.7"
    "@ethersproject/sha2" "^5.0.7"
    "@ethersproject/strings" "^5.0.8"

"@ethersproject/strings@5.0.8":
  version "5.0.8"
  resolved "https://registry.yarnpkg.com/@ethersproject/strings/-/strings-5.0.8.tgz#11a1b0ed1e8417408693789839f0b5f4e323c0c9"
  integrity sha512-5IsdXf8tMY8QuHl8vTLnk9ehXDDm6x9FB9S9Og5IA1GYhLe5ZewydXSjlJlsqU2t9HRbfv97OJZV/pX8DVA/Hw==
  dependencies:
    "@ethersproject/bytes" "^5.0.9"
    "@ethersproject/constants" "^5.0.8"
    "@ethersproject/logger" "^5.0.8"

"@ethersproject/strings@^5.0.8":
  version "5.0.9"
  resolved "https://registry.yarnpkg.com/@ethersproject/strings/-/strings-5.0.9.tgz#8e2eb2918b140231e1d1b883d77e43213a8ac280"
  integrity sha512-ogxBpcUpdO524CYs841MoJHgHxEPUy0bJFDS4Ezg8My+WYVMfVAOlZSLss0Rurbeeam8CpUVDzM4zUn09SU66Q==
  dependencies:
    "@ethersproject/bytes" "^5.0.9"
    "@ethersproject/constants" "^5.0.8"
    "@ethersproject/logger" "^5.0.8"

"@ethersproject/transactions@5.0.9":
  version "5.0.9"
  resolved "https://registry.yarnpkg.com/@ethersproject/transactions/-/transactions-5.0.9.tgz#ccfcc1d395b5e3ce7342545fa28bfe5541182fd6"
  integrity sha512-0Fu1yhdFBkrbMjenEr+39tmDxuHmaw0pe9Jb18XuKoItj7Z3p7+UzdHLr2S/okvHDHYPbZE5gtANDdQ3ZL1nBA==
  dependencies:
    "@ethersproject/address" "^5.0.9"
    "@ethersproject/bignumber" "^5.0.13"
    "@ethersproject/bytes" "^5.0.9"
    "@ethersproject/constants" "^5.0.8"
    "@ethersproject/keccak256" "^5.0.7"
    "@ethersproject/logger" "^5.0.8"
    "@ethersproject/properties" "^5.0.7"
    "@ethersproject/rlp" "^5.0.7"
    "@ethersproject/signing-key" "^5.0.8"

"@ethersproject/transactions@^5.0.9":
  version "5.0.10"
  resolved "https://registry.yarnpkg.com/@ethersproject/transactions/-/transactions-5.0.10.tgz#d50cafd80d27206336f80114bc0f18bc18687331"
  integrity sha512-Tqpp+vKYQyQdJQQk4M73tDzO7ODf2D42/sJOcKlDAAbdSni13v6a+31hUdo02qYXhVYwIs+ZjHnO4zKv5BNk8w==
  dependencies:
    "@ethersproject/address" "^5.0.9"
    "@ethersproject/bignumber" "^5.0.13"
    "@ethersproject/bytes" "^5.0.9"
    "@ethersproject/constants" "^5.0.8"
    "@ethersproject/keccak256" "^5.0.7"
    "@ethersproject/logger" "^5.0.8"
    "@ethersproject/properties" "^5.0.7"
    "@ethersproject/rlp" "^5.0.7"
    "@ethersproject/signing-key" "^5.0.8"

"@ethersproject/units@5.0.9":
  version "5.0.9"
  resolved "https://registry.yarnpkg.com/@ethersproject/units/-/units-5.0.9.tgz#f8dc406f593eadcba883d6e86cc077203b03e7da"
  integrity sha512-4jIkcMVrJ3lCgXMO4M/2ww0/T/IN08vJTZld7FIAwa6aoBDTAy71+sby3sShl1SG3HEeKYbI3fBWauCUgPRUpQ==
  dependencies:
    "@ethersproject/bignumber" "^5.0.13"
    "@ethersproject/constants" "^5.0.8"
    "@ethersproject/logger" "^5.0.8"

"@ethersproject/wallet@5.0.10":
  version "5.0.10"
  resolved "https://registry.yarnpkg.com/@ethersproject/wallet/-/wallet-5.0.10.tgz#16ad0864d9e0e2b57fb32d768ea4161891d62727"
  integrity sha512-5siYr38NhqZKH6DUr6u4PdhgOKur8Q6sw+JID2TitEUmW0tOl8f6rpxAe77tw6SJT60D2UcvgsyLtl32+Nl+ig==
  dependencies:
    "@ethersproject/abstract-provider" "^5.0.8"
    "@ethersproject/abstract-signer" "^5.0.10"
    "@ethersproject/address" "^5.0.9"
    "@ethersproject/bignumber" "^5.0.13"
    "@ethersproject/bytes" "^5.0.9"
    "@ethersproject/hash" "^5.0.10"
    "@ethersproject/hdnode" "^5.0.8"
    "@ethersproject/json-wallets" "^5.0.10"
    "@ethersproject/keccak256" "^5.0.7"
    "@ethersproject/logger" "^5.0.8"
    "@ethersproject/properties" "^5.0.7"
    "@ethersproject/random" "^5.0.7"
    "@ethersproject/signing-key" "^5.0.8"
    "@ethersproject/transactions" "^5.0.9"
    "@ethersproject/wordlists" "^5.0.8"

"@ethersproject/web@5.0.12":
  version "5.0.12"
  resolved "https://registry.yarnpkg.com/@ethersproject/web/-/web-5.0.12.tgz#f123397c107f863c31fce5f31a97c66ec155e755"
  integrity sha512-gVxS5iW0bgidZ76kr7LsTxj4uzN5XpCLzvZrLp8TP+4YgxHfCeetFyQkRPgBEAJdNrexdSBayvyJvzGvOq0O8g==
  dependencies:
    "@ethersproject/base64" "^5.0.7"
    "@ethersproject/bytes" "^5.0.9"
    "@ethersproject/logger" "^5.0.8"
    "@ethersproject/properties" "^5.0.7"
    "@ethersproject/strings" "^5.0.8"

"@ethersproject/web@^5.0.12":
  version "5.0.13"
  resolved "https://registry.yarnpkg.com/@ethersproject/web/-/web-5.0.13.tgz#5a92ac6d835d2ebce95b6b645a86668736e2f532"
  integrity sha512-G3x/Ns7pQm21ALnWLbdBI5XkW/jrsbXXffI9hKNPHqf59mTxHYtlNiSwxdoTSwCef3Hn7uvGZpaSgTyxs7IufQ==
  dependencies:
    "@ethersproject/base64" "^5.0.7"
    "@ethersproject/bytes" "^5.0.9"
    "@ethersproject/logger" "^5.0.8"
    "@ethersproject/properties" "^5.0.7"
    "@ethersproject/strings" "^5.0.8"

"@ethersproject/wordlists@5.0.8":
  version "5.0.8"
  resolved "https://registry.yarnpkg.com/@ethersproject/wordlists/-/wordlists-5.0.8.tgz#593319b710a5a1f4e839b72641aa765b4f111137"
  integrity sha512-px2mloc1wAcdTbzv0ZotTx+Uh/dfnDO22D9Rx8xr7+/PUwAhZQjoJ9t7Hn72nsaN83rWBXsLvFcIRZju4GIaEQ==
  dependencies:
    "@ethersproject/bytes" "^5.0.9"
    "@ethersproject/hash" "^5.0.10"
    "@ethersproject/logger" "^5.0.8"
    "@ethersproject/properties" "^5.0.7"
    "@ethersproject/strings" "^5.0.8"

"@ethersproject/wordlists@^5.0.8":
  version "5.0.9"
  resolved "https://registry.yarnpkg.com/@ethersproject/wordlists/-/wordlists-5.0.9.tgz#f16cc0b317637c3ae9c689ebd7bc2cbbffadd013"
  integrity sha512-Sn6MTjZkfbriod6GG6+p43W09HOXT4gwcDVNj0YoPYlo4Zq2Fk6b1CU9KUX3c6aI17PrgYb4qwZm5BMuORyqyQ==
  dependencies:
    "@ethersproject/bytes" "^5.0.9"
    "@ethersproject/hash" "^5.0.10"
    "@ethersproject/logger" "^5.0.8"
    "@ethersproject/properties" "^5.0.7"
    "@ethersproject/strings" "^5.0.8"

aes-js@3.0.0:
  version "3.0.0"
  resolved "https://registry.yarnpkg.com/aes-js/-/aes-js-3.0.0.tgz#e21df10ad6c2053295bcbb8dab40b09dbea87e4d"
  integrity sha1-4h3xCtbCBTKVvLuNq0Cwnb6ofk0=

bech32@1.1.4:
  version "1.1.4"
  resolved "https://registry.yarnpkg.com/bech32/-/bech32-1.1.4.tgz#e38c9f37bf179b8eb16ae3a772b40c356d4832e9"
  integrity sha512-s0IrSOzLlbvX7yp4WBfPITzpAU8sqQcpsmwXDiKwrG4r491vwCO/XpejasRNl0piBMe/DvP4Tz0mIS/X1DPJBQ==

bn.js@^4.11.9:
  version "4.11.9"
  resolved "https://registry.yarnpkg.com/bn.js/-/bn.js-4.11.9.tgz#26d556829458f9d1e81fc48952493d0ba3507828"
  integrity sha512-E6QoYqCKZfgatHTdHzs1RRKP7ip4vvm+EyRUeE2RF0NblwVvb0p6jSVeNTOFxPn26QXN2o6SMfNxKp6kU8zQaw==

bn.js@^4.4.0:
  version "4.11.8"
  resolved "https://registry.yarnpkg.com/bn.js/-/bn.js-4.11.8.tgz#2cde09eb5ee341f484746bb0309b3253b1b1442f"
  integrity sha512-ItfYfPLkWHUjckQCk8xC+LwxgK8NYcXywGigJgSwOP8Y2iyWT4f2vsZnoOXTTbo+o5yXmIUJ4gn5538SO5S3gA==

brorand@^1.0.1, brorand@^1.1.0:
  version "1.1.0"
  resolved "https://registry.yarnpkg.com/brorand/-/brorand-1.1.0.tgz#12c25efe40a45e3c323eb8675a0a0ce57b22371f"
  integrity sha1-EsJe/kCkXjwyPrhnWgoM5XsiNx8=

dotenv@^8.2.0:
  version "8.2.0"
  resolved "https://registry.yarnpkg.com/dotenv/-/dotenv-8.2.0.tgz#97e619259ada750eea3e4ea3e26bceea5424b16a"
  integrity sha512-8sJ78ElpbDJBHNeBzUbUVLsqKdccaa/BXF1uPTw3GrvQTBgrQrtObr2mUrE38vzYd8cEv+m/JBfDLioYcfXoaw==

elliptic@6.5.3:
  version "6.5.3"
  resolved "https://registry.yarnpkg.com/elliptic/-/elliptic-6.5.3.tgz#cb59eb2efdaf73a0bd78ccd7015a62ad6e0f93d6"
  integrity sha512-IMqzv5wNQf+E6aHeIqATs0tOLeOTwj1QKbRcS3jBbYkl5oLAserA8yJTT7/VyHUYG91PRmPyeQDObKLPpeS4dw==
  dependencies:
    bn.js "^4.4.0"
    brorand "^1.0.1"
    hash.js "^1.0.0"
    hmac-drbg "^1.0.0"
    inherits "^2.0.1"
    minimalistic-assert "^1.0.0"
    minimalistic-crypto-utils "^1.0.0"

elliptic@6.5.4:
  version "6.5.4"
  resolved "https://registry.yarnpkg.com/elliptic/-/elliptic-6.5.4.tgz#da37cebd31e79a1367e941b592ed1fbebd58abbb"
  integrity sha512-iLhC6ULemrljPZb+QutR5TQGB+pdW6KGD5RSegS+8sorOZT+rdQFbsQFJgvN3eRqNALqJer4oQ16YvJHlU8hzQ==
  dependencies:
    bn.js "^4.11.9"
    brorand "^1.1.0"
    hash.js "^1.0.0"
    hmac-drbg "^1.0.1"
    inherits "^2.0.4"
    minimalistic-assert "^1.0.1"
    minimalistic-crypto-utils "^1.0.1"

ethers@5.0.26:
  version "5.0.26"
  resolved "https://registry.yarnpkg.com/ethers/-/ethers-5.0.26.tgz#ef43c6b6aad71f10c1a184003f69b142d7d03bae"
  integrity sha512-MqA8Fvutn3qEW0yBJOHeV6KZmRpF2rqlL2B5058AGkUFsuu6j5Ns/FRlMsbGeQwBz801IB23jQp7vjRfFsKSkg==
  dependencies:
    "@ethersproject/abi" "5.0.10"
    "@ethersproject/abstract-provider" "5.0.8"
    "@ethersproject/abstract-signer" "5.0.11"
    "@ethersproject/address" "5.0.9"
    "@ethersproject/base64" "5.0.7"
    "@ethersproject/basex" "5.0.7"
    "@ethersproject/bignumber" "5.0.13"
    "@ethersproject/bytes" "5.0.9"
    "@ethersproject/constants" "5.0.8"
    "@ethersproject/contracts" "5.0.9"
    "@ethersproject/hash" "5.0.10"
    "@ethersproject/hdnode" "5.0.8"
    "@ethersproject/json-wallets" "5.0.10"
    "@ethersproject/keccak256" "5.0.7"
    "@ethersproject/logger" "5.0.8"
    "@ethersproject/networks" "5.0.7"
    "@ethersproject/pbkdf2" "5.0.7"
    "@ethersproject/properties" "5.0.7"
    "@ethersproject/providers" "5.0.19"
    "@ethersproject/random" "5.0.7"
    "@ethersproject/rlp" "5.0.7"
    "@ethersproject/sha2" "5.0.7"
    "@ethersproject/signing-key" "5.0.8"
    "@ethersproject/solidity" "5.0.8"
    "@ethersproject/strings" "5.0.8"
    "@ethersproject/transactions" "5.0.9"
    "@ethersproject/units" "5.0.9"
    "@ethersproject/wallet" "5.0.10"
    "@ethersproject/web" "5.0.12"
    "@ethersproject/wordlists" "5.0.8"

hash.js@1.1.3:
  version "1.1.3"
  resolved "https://registry.yarnpkg.com/hash.js/-/hash.js-1.1.3.tgz#340dedbe6290187151c1ea1d777a3448935df846"
  integrity sha512-/UETyP0W22QILqS+6HowevwhEFJ3MBJnwTf75Qob9Wz9t0DPuisL8kW8YZMK62dHAKE1c1p+gY1TtOLY+USEHA==
  dependencies:
    inherits "^2.0.3"
    minimalistic-assert "^1.0.0"

hash.js@^1.0.0, hash.js@^1.0.3:
  version "1.1.7"
  resolved "https://registry.yarnpkg.com/hash.js/-/hash.js-1.1.7.tgz#0babca538e8d4ee4a0f8988d68866537a003cf42"
  integrity sha512-taOaskGt4z4SOANNseOviYDvjEJinIkRgmp7LbKP2YTTmVxWBl87s/uzK9r+44BclBSp2X7K1hqeNfz9JbBeXA==
  dependencies:
    inherits "^2.0.3"
    minimalistic-assert "^1.0.1"

hmac-drbg@^1.0.0, hmac-drbg@^1.0.1:
  version "1.0.1"
  resolved "https://registry.yarnpkg.com/hmac-drbg/-/hmac-drbg-1.0.1.tgz#d2745701025a6c775a6c545793ed502fc0c649a1"
  integrity sha1-0nRXAQJabHdabFRXk+1QL8DGSaE=
  dependencies:
    hash.js "^1.0.3"
    minimalistic-assert "^1.0.0"
    minimalistic-crypto-utils "^1.0.1"

inherits@^2.0.1, inherits@^2.0.3, inherits@^2.0.4:
  version "2.0.4"
  resolved "https://registry.yarnpkg.com/inherits/-/inherits-2.0.4.tgz#0fa2c64f932917c3433a0ded55363aae37416b7c"
  integrity sha512-k/vGaX4/Yla3WzyMCvTQOXYeIHvqOKtnqBduzTHpzpQZzAskKMhZ2K+EnBiSM9zGSoIFeMpXKxa4dYeZIQqewQ==

js-sha3@0.5.7:
  version "0.5.7"
  resolved "https://registry.yarnpkg.com/js-sha3/-/js-sha3-0.5.7.tgz#0d4ffd8002d5333aabaf4a23eed2f6374c9f28e7"
  integrity sha1-DU/9gALVMzqrr0oj7tL2N0yfKOc=

minimalistic-assert@^1.0.0, minimalistic-assert@^1.0.1:
  version "1.0.1"
  resolved "https://registry.yarnpkg.com/minimalistic-assert/-/minimalistic-assert-1.0.1.tgz#2e194de044626d4a10e7f7fbc00ce73e83e4d5c7"
  integrity sha512-UtJcAD4yEaGtjPezWuO9wC4nwUnVH/8/Im3yEHQP4b67cXlD/Qr9hdITCU1xDbSEXg2XKNaP8jsReV7vQd00/A==

minimalistic-crypto-utils@^1.0.0, minimalistic-crypto-utils@^1.0.1:
  version "1.0.1"
  resolved "https://registry.yarnpkg.com/minimalistic-crypto-utils/-/minimalistic-crypto-utils-1.0.1.tgz#f6c00c1c0b082246e5c4d99dfb8c7c083b2b582a"
  integrity sha1-9sAMHAsIIkblxNmd+4x8CDsrWCo=

ospath@^1.2.2:
  version "1.2.2"
  resolved "https://registry.yarnpkg.com/ospath/-/ospath-1.2.2.tgz#1276639774a3f8ef2572f7fe4280e0ea4550c07b"
  integrity sha1-EnZjl3Sj+O8lcvf+QoDg6kVQwHs=

scrypt-js@3.0.1:
  version "3.0.1"
  resolved "https://registry.yarnpkg.com/scrypt-js/-/scrypt-js-3.0.1.tgz#d314a57c2aef69d1ad98a138a21fe9eafa9ee312"
  integrity sha512-cdwTTnqPu0Hyvf5in5asVdZocVDTNRmR7XEcJuIzMjJeSHybHl7vpB66AzwTaIg6CLSbtjcxc8fqcySfnTkccA==

ws@7.2.3:
  version "7.2.3"
  resolved "https://registry.yarnpkg.com/ws/-/ws-7.2.3.tgz#a5411e1fb04d5ed0efee76d26d5c46d830c39b46"
  integrity sha512-HTDl9G9hbkNDk98naoR/cHDws7+EyYMOdL1BmjsZXRUjf7d+MficC4B7HLUPlSiho0vg+CWKrGIt/VJBd1xunQ==
